cloud.google.com/go v0.26.0/go.mod h1:9FZywzgIZne5w0bY4084aESxm4lUMrDlu15rMCbxo40=
cloud.google.com/go v0.34.0/go.mod h1:9FZywzgIZne5w0bY4084aESxm4lUMrDlu15rMCbxo40=
cloud.google.com/go v0.38.0/go.mod h1:YBtjag+aaV/FCASgg4woCOpSxyT71joFWNOdziq3bdY=
cloud.google.com/go v0.44.1/go.mod h1:GjuTdGj5XD2VweW4oTpJSyHIxCCmpwD9LTjzoLDnNCY=
cloud.google.com/go v0.44.2/go.mod h1:WmD/3A/xpOP5CDowaZjE0x8pywobREQ0ApbfAxKIZ9o=
cloud.google.com/go v0.45.1/go.mod h1:TBHebZjPGcd6veHhxfzLRYIzlRq9OFmRrmcH5g1Le9A=
cloud.google.com/go v0.46.3/go.mod h1:NDO+HJai4WEFDCB2g5qd41RNaD3C641W9db0mRQSDms=
cloud.google.com/go/bigquery v1.0.1/go.mod h1:EEst5zKmJI0Htocg3cFlan+k2iMcUxN1HzPLzg1bIbo=
cloud.google.com/go/datastore v1.0.0/go.mod h1:mPWMaJV0C30X4FjYcFFeR0y3U40YqtvLOIINAvA9+OU=
cloud.google.com/go/firestore v1.1.0/go.mod h1:NS+6zRV3Ul+bj3pLKsVW3pG0sjqfOlLKu+UIvryUZwM=
cloud.google.com/go/pubsub v1.0.1/go.mod h1:QKSNnSC5yJfgS0VXIkVq3qiLl6/j6Kgci+7fk9AvI58=
cloud.google.com/go/storage v1.0.0/go.mod h1:PPQ3bztMM9KsWzFqhiB5Mdr03Wxs8XJ6lI5r1EwSna4=
dmitri.shuralyov.com/gpu/mtl v0.0.0-20190408044501-666a987793e9/go.mod h1:N2o2a4txIaupJ9SO9PpyaeJ1THH47xowfKw2YnDF/OA=
github.com/BurntSushi/toml v0.3.1/go.mod h1:iQAy+Vqo0MHI3p9zhtY0T7rCPi2CY1XT9QSlxMYkzjA=
github.com/BurntSushi/xgb v0.0.0-20160522181843-27f122750802/go.mod h1:+SonVF35bpdOCn7SPBoG5IzUqysysL4KRCYD8733onU=
github.com/OneOfOne/xxhash v1.2.2/go.mod h1:mu8MOBfClBaGFWIBomY/C1sZTSE/4yvMFgu7Vzj6zXQ=
github.com/alecthomas/template v0.0.0-20160405071501-a0175ee3bccc/go.mod h1:flNqkGznjcKV8OotGn+d2D3eYNOGXzCNO2eCd2f/8cY=
github.com/alecthomas/template v0.0.0-20190718012654-fb15b899a751 h1:JYp7IbQjafoB+tBA3gMyHYHrpOtNuDiK/uB5uXxq5wM=
github.com/alecthomas/template v0.0.0-20190718012654-fb15b899a751/go.mod h1:flNqkGznjcKV8OotGn+d2D3eYNOGXzCNO2eCd2f/8cY=
github.com/alecthomas/units v0.0.0-20151022065526-2efee857e7cf/go.mod h1:Wp1+NmXQIyKKUv+Ghx1CHrkBtVgVprI4XSeLC9X4XB0=
github.com/alecthomas/units v0.0.0-20190717042225-c3de453c63f4 h1:Hs82Z41s6SdL1CELW+XaDYmOH4hkBN4/N9og/AsOv7E=
github.com/alecthomas/units v0.0.0-20190717042225-c3de453c63f4/go.mod h1:ybxpYRFXyAe+OPACYpWeL0wqObRcbAqCMya13uyzqw0=
github.com/armon/circbuf v0.0.0-20150827004946-bbbad097214e/go.mod h1:w9qBgm3/XcMen6c+lfdS94BJHXGiQbxDxEdyMaQasp8=
github.com/armon/go-metrics v0.0.0-20180917152333-f0300d1749da h1:8GUt8eRujhVEGZFFEjBj46YV4rDjvGrNxb0KMWYkL2I=
github.com/armon/go-metrics v0.0.0-20180917152333-f0300d1749da/go.mod h1:FKWCnhxZ86LSMEY51KajgLZXzUAkTBr22r2ZtNctcww=
github.com/armon/go-radix v0.0.0-20180808171621-7fddfc383310/go.mod h1:FoIHAaniY2aIV1+djfMsO+XGnJ4NBwcxDax2sULidpE=
github.com/beorn7/perks v0.0.0-20180321164747-3a771d992973/go.mod h1:QVT4Z0p2XnhkKo6tqyvxfj/ybbI23lhhl79r+KRHEcM=
github.com/beorn7/perks v1.0.0/go.mod h1:v0kb1lvW/IDIk5c9mwEKmRXcbQF5nI2LBqtU4gjegSI=
github.com/beorn7/perks v1.0.1 h1:VlbKKnNfV8bJzeqoa4cOKqO6bYr3WgKZxO8Z16+hsOM=
github.com/beorn7/perks v1.0.1/go.mod h1:G2ZrVWU2WbWT9wwq4/hrbKbnv/1ERSJQ0ibhJ6rlkpw=
github.com/bgentry/speakeasy v0.1.0/go.mod h1:rWM4XG93NcJisibXvq84dwAjFwvaRSYHBhsrgp9FXY4=
github.com/bketelsen/crypt v0.0.3-0.20200106085610-5cbc8cc4026c/go.mod h1:TFL6D7JL9cIHnMTfdj9BsaWkr6oT6tMHsE8afYmBOWg=
github.com/cespare/xxhash v1.1.0 h1:a6HrQnmkObjyL+Gs60czilIUGqrzKutQD6XZog3p+ko=
github.com/cespare/xxhash v1.1.0/go.mod h1:oNBefzWNoroREUFvosKx6uSHxXU/QasGaobxyiauiRM=
github.com/cespare/xxhash/v2 v2.1.1 h1:6MnRN8NT7+YBpUIWxHtefFZOKTAPgGjpQSxqLNn0+qY=
github.com/cespare/xxhash/v2 v2.1.1/go.mod h1:VGX0DQ3Q6kWi7AoAeZDth3/j3BFtOZR5XLFGgcrjCOs=
github.com/client9/misspell v0.3.4/go.mod h1:6jl1QDffNR9eZGMVv/2WInesM1Thfu5RIefrQy1125Q=
github.com/coreos/bbolt v1.3.2/go.mod h1:36Q1rOC+kumpkqRMObfWNMpHsXQ052PZohNGmsWEALU=
github.com/coreos/etcd v3.3.13+incompatible/go.mod h1:OM9ZoS8Kc7XLDpY+xHG//OSgkvsTxo8FM/fUo4qBjv8=
github.com/coreos/go-semver v0.3.0/go.mod h1:GfW7ZcbZu7WhArx8C3yheyHvXBJrjCZ4JCzjrRfLC+o=
github.com/coreos/go-systemd v0.0.0-20190321100706-95778dfbb74e/go.mod h1:2LJdzqu9OBsts/ViZPvsZBgqhbxO5qXNrQv9P6an1OY=
github.com/coreos/pkg v0.0.0-20180928190104-399ea9e2e55f/go.mod h1:vx3HgW8iARuNoK9VyvRI+PtYPL94Lhb3S6F/v7QBXrc=
github.com/davecgh/go-spew v1.1.0/go.mod h1:EOP3hRoFGh3+rzYT+J/DgwIJsFZksm0/1ljUqmJ7kck=
github.com/davecgh/go-spew v1.1.1/go.mod h1:EOP3hRoFGh3+rzYT+J/DgwIJsFZksm0/1ljUqmJ7kck=
github.com/dgrijalva/jwt-go v3.2.0+incompatible/go.mod h1:UexhpBpyTKOMdw1sPAjisJzzi4fki9QMysNcfixYwjc=
github.com/dgryski/go-sip13 v0.0.0-20181026042036-e10d5fee7954/go.mod h1:XeTv2J1WrhkX7gnx3SG13OHxDNW28jDN3vr1oNfqMjw=
github.com/fatih/color v1.7.0/go.mod h1:OgrGucDlsUnVH/WQfKWS30wt1W4CHGk4nI15QncxUEg=
github.com/fatih/color v1.9.0 h1:8xPHl4/q1VyqGIPif1F+1V3Y3lSmrq01EabUW3CoW5s=
github.com/fatih/color v1.9.0/go.mod h1:eQcE1qtQxscV5RaZvpXrrb8Drkc3/DdQ+uUYCNjL+zU=
github.com/fsnotify/fsnotify v1.4.7 h1:IXs+QLmnXW2CcXuY+8Mzv/fWEsPGWxqefPtCP5CnV9I=
github.com/fsnotify/fsnotify v1.4.7/go.mod h1:24U2liDWrGcNabatNGjucjnRih9D5RdSSBVAlLDUh+4=
github.com/ghodss/yaml v1.0.0/go.mod h1:C0+/w5fKwDsGUABtDcAXf6Ck42GaNx9KaceL3P8KSVA=
github.com/go-gl/glfw v0.0.0-20190409004039-e6da0acd62b1/go.mod h1:m92ldFHp4HCMqc9OoWFhaMEjC8DqRjuaapPooLWYr5E=
github.com/go-kit/kit v0.8.0/go.mod h1:kWBTxFFAV2EUYN39vg7eqN7VvTM34H0K72WrZ2zT3bg=
github.com/go-kit/kit v0.9.0 h1:wDJmvq38kDhkVxi50ni9ykkdUr1PKgqKOoi01fa0Mdk=
github.com/go-kit/kit v0.9.0/go.mod h1:xBxKIO96dXMWWy0MnWVtmwkA9/13aqxPnvrjFYMA2as=
github.com/go-logfmt/logfmt v0.3.0/go.mod h1:RQUGKgAhWTZJr8D93DnIwPtadYeduzuN2pPrYUiZ0Pc=
github.com/go-logfmt/logfmt v0.4.0 h1:MP4Eh7ZCb31lleYCFuwm0oe4/YGak+5l1vA2NOE80nA=
github.com/go-logfmt/logfmt v0.4.0/go.mod h1:zQuSszKbdgdZXzqsSMcllBaiG+rsMj4ZiJ9f6i29cWI=
github.com/go-stack/stack v1.8.0/go.mod h1:Tj/DoAPTTau9PpHnuR+WzNOCdSQZ8SLTDj5eVvHqYvo=
github.com/gogo/protobuf v1.1.1/go.mod h1:lZvyZNaQOpmdWFOGUp3MdqBqscBGnGp8TxuqgZtOz3U=
github.com/gogo/protobuf v1.2.1/go.mod h1:5bGCxPajw+bq/GEucxPZzWcPccXYqCryNDnGQGGeiTU=
github.com/golang/glog v0.0.0-20160126235308-23def4e6c14b/go.mod h1:cpIjGrK+0/TzmWoKmYw0z0NJvfScax2apUQXOivw+6M=
github.com/golang/groupcache v0.0.0-20190129154638-5b532d6fd5ef/go.mod h1:IX6a0xKAhSHxKJUQNGfgVG3lz/W9WQ03wGOe+XHaoko=
github.com/golang/mock v1.1.1/go.mod h1:GLkpshYzjFb1CukxdljxGpc23WHGYciWAvhaXAwB/+A=
github.com/golang/mock v1.2.0/go.mod h1:GLkpshYzjFb1CukxdljxGpc23WHGYciWAvhaXAwB/+A=
github.com/golang/mock v1.3.1/go.mod h1:f5PXsMRQFDspymYJRLhN8Lp4DMtznYV+pQfTRPvO9vg=
github.com/golang/protobuf v1.2.0/go.mod h1:rCYTSFX+yRGeORjboDP9PttY39V7f0FMPK2I5npQefE=
github.com/golang/protobuf v1.3.1/go.mod h1:rCYTSFX+yRGeORjboDP9PttY39V7f0FMPK2I5npQefE=
github.com/golang/protobuf v1.3.2/go.mod h1:rCYTSFX+yRGeORjboDP9PttY39V7f0FMPK2I5npQefE=
github.com/golang/protobuf v1.4.0-rc.1/go.mod h1:n9sdaNgcldzOMUSBmP5gJhIcHPc7TfnVaPD85GD7AZA=
github.com/golang/protobuf v1.4.0-rc.1.0.20200221234624-67d41d38c208/go.mod h1:k5FtRL73lrUD3kBaQfLpDcINxdjOfYvCPAlNLAXgWM0=
github.com/golang/protobuf v1.4.0-rc.2/go.mod h1:4b32W5xaRYKHMZrNDW0l+vQR6aTca8ae+oQgxQAP4Pw=
github.com/golang/protobuf v1.4.0-rc.4.0.20200313231945-b860323f09d0/go.mod h1:tWbTM/qKufW4WeRX49PybtJXMtLc5LrUZgM0XB76jKo=
github.com/golang/protobuf v1.4.0/go.mod h1:ameWls5t/WyKvDh+RrWnvjzsGvtZtAQ1wFIk63nqVf8=
github.com/golang/protobuf v1.4.2 h1:+Z5KGCizgyZCbGh1KZqA0fcLLkwbsjIzS4aV2v7wJX0=
github.com/golang/protobuf v1.4.2/go.mod h1:9+Ic1MdisR+lm/5gH7BOxe2HybCnbkN8e1KFtc8zmsg=
github.com/google/btree v0.0.0-20180813153112-4030bb1f1f0c/go.mod h1:1x8OL71hLvzabBPUlpuwglm/FJJ2WqCcY3DA7j2r0Yw=
github.com/google/btree v1.0.0/go.mod h1:1x8OL71hLvzabBPUlpuwglm/FJJ2WqCcY3DA7j2r0Yw=
github.com/google/go-cmp v0.2.0/go.mod h1:4XZC6CzSW5d9Zs7gREqfrStEEzvZqMgAtT/qqAavDcc=
github.com/google/go-cmp v0.3.0/go.mod h1:G6C23Xqc/074Nul1OHMfoDFdlSsBr1HAPsWvxrD7Kxs=
github.com/google/go-cmp v0.3.1/go.mod h1:G6C23Xqc/074Nul1OHMfoDFdlSsBr1HAPsWvxrD7Kxs=
github.com/google/go-cmp v0.4.0/go.mod h1:iHvFyDr2YsHbgt+r2qY2C/heQp+EPrbGeM/R7Ko6FEs=
github.com/google/gofuzz v1.0.0/go.mod h1:PXyEdOTrIihoA+Aidqwvf8XiTm7WoAj7drvo5Af4mmU=
github.com/google/martian v2.1.0+incompatible/go.mod h1:jySPoPxlbn0dLG9Y8p07KNTFHaUDD+b0mZqrfU9IqVA=
github.com/google/pprof v0.0.0-20181206194817-3ea8567a2e57/go.mod h1:BXDZCiWkANBoYwR3ZRO0nNvnrQSxSGmgV3oBazzkBTk=
github.com/google/pprof v0.0.0-20190515194954-54271f7e092f/go.mod h1:BXDZCiWkANBoYwR3ZRO0nNvnrQSxSGmgV3oBazzkBTk=
github.com/google/renameio v0.1.0/go.mod h1:6k1IpEVK968KWf62qxP6J/Gq58wb5X9SjP2DnhDEqHo=
github.com/googleapis/gax-go/v2 v2.0.4/go.mod h1:6hNgQM8ndu0Kw4HVmHUkRdTtBh8GjwywuUEoAo0L1V8=
github.com/googleapis/gax-go/v2 v2.0.5/go.mod h1:iS9GRIcfbXx9vutJ5zsA/gsDe6Bzr2O6jIslESRDZMM=
github.com/gopherjs/gopherjs v0.0.0-20181017120253-0766667cb4d1/go.mod h1:5vxuLXN4sjMBGfw4clc7ZKfiY300P1LfD2GUbi9SeUc=
github.com/gorilla/websocket v1.4.2/go.mod h1:yVSyD3yq/TkxzvV8axg0iYB4BN+fZlHxaKEHgsNFmLY=
github.com/grpc-ecosystem/go-grpc-middleware v1.0.0/go.mod h1:Xr8KYKPoH8P01xccIMmGBYrIvewNRUiLwlwTsv+hf5o=
github.com/grpc-ecosystem/go-grpc-prometheus v1.2.0/go.mod h1:PnNCOiVaO8NNnVYyqqLPCw07n7j4eXySw2cu8DgQHS0=
github.com/grpc-ecosystem/grpc-gateway v1.9.0/go.mod h1:6dLq9xJAZlPGuEx1v3CbzH7vH+g2GIX+RG0ZFsV6iTU=
github.com/hashicorp/consul/api v1.1.0/go.mod h1:z/D+nGxuzh8AiTAOA041jPfYUzFdtXBSRDOR0lerC/4=
github.com/hashicorp/consul/api v1.5.0 h1:Yo2bneoGy68A7aNwmuETFnPhjyBEm7n3vzRacEVMjvI=
github.com/hashicorp/consul/api v1.5.0/go.mod h1:LqwrLNW876eYSuUOo4ZLHBcdKc038txr/IMfbLPATa4=
github.com/hashicorp/consul/sdk v0.1.1/go.mod h1:2jlURBE7Y08j7j6XWRrfrdbuhPmMUIzjYn1sYheSQaY=
github.com/hashicorp/consul/sdk v0.5.0/go.mod h1:fY08Y9z5SvJqevyZNy6WWPXiG3KwBPAvlcdx16zZ0fM=
github.com/hashicorp/errwrap v1.0.0/go.mod h1:v2wgLhkU/fbQD0B5WCw4a87ZS9J85JG9vrMNvLMVJN8=
github.com/hashicorp/go-cleanhttp v0.5.1 h1:dH3aiDG9Jvb5r5+bYHsikaOUIpcM0xvgMXVoDkXMzJM=
github.com/hashicorp/go-cleanhttp v0.5.1/go.mod h1:v/pVwUcEnoDry/y9jf6/j9qBW/PNFqaOHaU3THJfpMI=
github.com/hashicorp/go-hclog v0.12.0 h1:d4QkX8FRTYaKaCZBoXYY8zJX2BXjWxurN/GA2tkrmZM=
github.com/hashicorp/go-hclog v0.12.0/go.mod h1:whpDNt7SSdeAju8AWKIWsul05p54N/39EeqMAyrmvFQ=
github.com/hashicorp/go-immutable-radix v1.0.0 h1:AKDB1HM5PWEA7i4nhcpwOrO2byshxBjXVn/J/3+z5/0=
github.com/hashicorp/go-immutable-radix v1.0.0/go.mod h1:lTzioTPa+CwTwGSzBGjOQEwCe5y/TyM85QldSi2SZek=
github.com/hashicorp/go-msgpack v0.5.3/go.mod h1:ZAuWhK66EpUurJKp1AasN0tfyRDejBTm+Z9IJwbb1GM=
github.com/hashicorp/go-multierror v1.0.0/go.mod h1:AGqmDsF+VgzHxq5xFpo6oAYK+B33c4Q+GC3U7OfLrNU=
github.com/hashicorp/go-rootcerts v1.0.0/go.mod h1:i7jRgg/WBW5retQwk/xu+AmyqDRRZMs7b5mm6e/ov3c=
github.com/hashicorp/go-rootcerts v1.0.2 h1:jzhAVGtqPKbwpyCPELlgNWhE1znq+qwJtW5Oi2viEzc=
github.com/hashicorp/go-rootcerts v1.0.2/go.mod h1:pqUvnprVnM5bf7AOirdbb01K4ccR319Vf4pU3K5EGc8=
github.com/hashicorp/go-sockaddr v1.0.0/go.mod h1:RO/YDvaANfWQTsZFvwtpw04WEuHjtrARqaCojHPOrOI=
github.com/hashicorp/go-syslog v1.0.0/go.mod h1:D6TsAnI1RZNYWxMItYPr9GuQoicOhNBYCET+tDyaoiY=
github.com/hashicorp/go-uuid v1.0.0/go.mod h1:gu80rYSgSP/n+ZOD9pNogkkic9gWp7QyVkMenpPU924=
github.com/hashicorp/go-uuid v1.0.1/go.mod h1:gu80rYSgSP/n+ZOD9pNogkkic9gWp7QyVkMenpPU924=
github.com/hashicorp/go.net v0.0.1/go.mod h1:G3XQRX7ayZXT2n1hoYYvQLPKIAbZsQFJoVbVLDOWCKA=
github.com/hashicorp/golang-lru v0.5.0 h1:CL2msUPvZTLb5O648aiLNJw3hnBxN2+1Jq8rCOH9wdo=
github.com/hashicorp/golang-lru v0.5.0/go.mod h1:lLFwvM/niwHv6ZZ1WANcDnu7KFBT7feQJjXR47744Jo=
github.com/hashicorp/golang-lru v0.5.1/go.mod h1:lLFwvM/niwHv6ZZ1WANcDnu7KFBT7feQJjXR47744Jo=
github.com/hashicorp/hcl v1.0.0 h1:0Anlzjpi4vEasTeNFn2mLJgTSwt0+6sfsiTG8qcWGx4=
github.com/hashicorp/hcl v1.0.0/go.mod h1:+2bdcftJIPXmgE96iFlKfBdC8YsK9Cvf9g75qQUYLZw=
github.com/hashicorp/logutils v1.0.0/go.mod h1:LhOKjMtmCCcRjR9iHL1GbUxVuhwrIwPTHG/gE98KMJ8=
github.com/hashicorp/mdns v1.0.0/go.mod h1:+SEeYDkT9/zwBYH84gw5Ab1+NUC0IGdcjT/TDrR/DbE=
github.com/hashicorp/mdns v1.0.1/go.mod h1:4gW7WsVCke5TE7EPeYliwHlRUyBtfCwuFwuMg2DmyNY=
github.com/hashicorp/memberlist v0.1.3/go.mod h1:7ddfWH2NUy/vADxYH/eRhnC3ErapPvROUbvdtvTkCJA=
github.com/hashicorp/memberlist v0.2.0/go.mod h1:MS2lj3INKhZjWNqd3N0m3J+Jxf3DAOnAH9VT3Sh9MUE=
github.com/hashicorp/serf v0.8.2/go.mod h1:ywhLuH3ZC9CCRrDPObHS8uyVz3TfcebyRX3/KM8DoFg=
github.com/hashicorp/serf v0.9.0 h1:+Zd/16AJ9lxk9RzfTDyv/TLhZ8UerqYS0/+JGCIDaa0=
github.com/hashicorp/serf v0.9.0/go.mod h1:YL0HO+FifKOW2u1ke99DGVu1zhcpZzNwrLIqBC7vbYU=
github.com/jonboulle/clockwork v0.1.0/go.mod h1:n8L2HzVkiJoSn/bQ8DKW3tU3X/j2vJD9yl6BSnBgulE=
github.com/json-iterator/go v1.1.6/go.mod h1:qFmBcOic3AXW2YJtxUMqg7tzoGnjn3NYvxXcpFwf8BA=
github.com/json-iterator/go v1.1.10/go.mod h1:Gk3Wn40tI0PrvLmoeayJYmDzxZkQHLnaEGC8+Czk7P8=
github.com/jstemmer/go-junit-report v0.0.0-20190106144839-af01ea7f8024/go.mod h1:SPJbXa7g88iA6dM7k0e+VyPsLD2vKkdjPVmfEBIIo1A=
github.com/jtolds/gls v4.20.0+incompatible/go.mod h1:AriYwUtFhqMp+v/RbZBer+lFF99rWU7xTdNkpT4jIqs=
github.com/julienschmidt/httprouter v1.2.0/go.mod h1:z/Za24QtC7hXYTnXncwUYUbc6HaJwnxZI94NU+R/12w=
github.com/kisielk/errcheck v1.1.0/go.mod h1:L8219j89gNqh/BC5pgHtr1C5CVHTw7aXLZoFvkOWa2E=
github.com/kisielk/gotool v1.0.0/go.mod h1:2kDdYsRnrE2tG3qO/3WXHoL/pHgBk+vTw2AOO/qPgT4=
github.com/konsorten/go-windows-terminal-sequences v1.0.1 h1:mweAR1A6xJ3oS2pRaGiHgQ4OO8tzTaLawm8vnODuwDk=
github.com/konsorten/go-windows-terminal-sequences v1.0.1/go.mod h1:N97Vf21pEwQESxMaqG32XgdA8cRqhWvCl9of4tDB/S4=
github.com/kr/logfmt v0.0.0-20140226030751-b84e30acd515/go.mod h1:xnZBNkKy8nJsrpZ91kHeEqRL+MaRT6itdxx6r+SyRXo=
github.com/kr/pretty v0.1.0/go.mod h1:2jLPvyBcu2HUUqLGqtFuOxXvb3ua5hQImvYhxWTW5h8=
github.com/kr/pretty v0.2.0/go.mod h1:ipq/a2n7PKx3OHsz4KJII5eveXtPO4qwEXGdVfWzfnI=
github.com/kr/pty v1.1.1/go.mod h1:DwEDpDZskcT0Enm9Uo7sXWbwtxr2imFBBN1RkuTJ3Bs=
github.com/kr/text v0.1.0/go.mod h1:X1ZFVXJn81LjK8zLLdB00ToF+D+40wCDUcVrNHvvLLI=
github.com/magiconair/properties v1.8.1 h1:ZC2Vc7/ZFkGmsVC9KvOjumD+G5lXy2RtTKyzRKO2BQ4=
github.com/magiconair/properties v1.8.1/go.mod h1:1mBZOzVNW4gHsHpYkZyiqyygwrpM2HNzdK0rXaY/LBw=
github.com/mattn/go-colorable v0.0.9/go.mod h1:YJKj+FT6GnFSi/4p9AsBfJzqR4yzpr6euXJ511sFbq8=
github.com/mattn/go-colorable v0.1.4 h1:snbPLB8fVfU9iwbbo30TPtbLRzwWu6aJS6Xh4eaaviA=
github.com/mattn/go-colorable v0.1.4/go.mod h1:U0ppj6V5qS13XJ6of8GYAs25YV2eR4EVcfRqFIhoBtE=
github.com/mattn/go-isatty v0.0.3/go.mod h1:KkHilAW8VI9e1DAVvYDsiVm5wXKkbB3g0jhxFZpaXKU=
github.com/mattn/go-isatty v0.0.8/go.mod h1:qCmUidc0c9EgUUUyzB7J0Q5hQvb0xCOPmobTjKUFLbk=
github.com/mattn/go-isatty v0.0.10/go.mod h1:qgIWMr58cqv1PHHyhnkY9lrL7etaEgOFcMEpPG5Rm84=
github.com/mattn/go-isatty v0.0.11/go.mod h1:PhnuNfih5lzO57/f3n+odYbM4JtupLOxQOAqxQCu2WE=
github.com/mattn/go-isatty v0.0.12 h1:wuysRhFDzyxgEmMf5xjvJ2M9dZoWAXNNr5LSBS7uHXY=
github.com/mattn/go-isatty v0.0.12/go.mod h1:gIwxT9pcSyLDxDYeFLmAWlTiRa96p9T+I8kNp55DckQ=
github.com/matttproud/golang_protobuf_extensions v1.0.1 h1:4hp9jkHxhMHkqkrB3Ix0jegS5sx/RkqARlsWZ6pIwiU=
github.com/matttproud/golang_protobuf_extensions v1.0.1/go.mod h1:QU2SO6NbfmjXXNhXq+C6xbs46atHUWT5yIBwVj6T+n0=
github.com/miekg/dns v1.0.14/go.mod h1:CU2YiyCj3Obi4gXQ+/TRhPRMf0G41U3+lPB0f7PqFyQ=
github.com/miekg/dns v1.1.26/go.mod h1:bPDLeHnStXmXAq1m/Ch/hvfNHr14JKNPMBo3VZKjuso=
github.com/mitchellh/cli v1.0.0/go.mod h1:0pqjsiTx80AW77JNZO1xJfthAqJENaXErA4/25GidO4=
github.com/mitchellh/go-homedir v1.0.0/go.mod h1:4XEIyCK545Fj186pgb4vWk4PhrrWaz4zRpmLZM855yA=
github.com/mitchellh/go-homedir v1.1.0/go.mod h1:SfyaCUpYCn1Vlf4IUYiD9fPX4A5wJrkLzIz1N1q0pr0=
github.com/mitchellh/go-testing-interface v1.0.0/go.mod h1:EnvEWVB53EAtRPRU2xAkN5xWO9/f0zmojI60MJtggyU=
github.com/mitchellh/gox v0.4.0/go.mod h1:FAmd/sWKMPt0yJ3xHpZwm/IiZuT/mUdL3EgZVi/DwvI=
github.com/mitchellh/iochan v1.0.0/go.mod h1:/dyNyPqM/f4SqGGVIoqqS/8OH253XCX/UGUFfyhzgDo=
github.com/mitchellh/mapstructure v0.0.0-20160808181253-ca63d7c062ee/go.mod h1:MR10geAU+nLVrFOOMMFtuKJtFab1WNjFjxXxrIBfEvk=
github.com/mitchellh/mapstructure v1.1.2 h1:fmNYVwqnSfB9mZU6OS2O6GsXM+wcskZDuKQzvN1EDeE=
github.com/mitchellh/mapstructure v1.1.2/go.mod h1:MR10geAU+nLVrFOOMMFtuKJtFab1WNjFjxXxrIBfEvk=
github.com/modern-go/concurrent v0.0.0-20180228061459-e0a39a4cb421/go.mod h1:wR/t/ntXLG7rc3yFFrNq78iVn91exg71A/xfrTCU/rc=
github.com/modern-go/concurrent v0.0.0-20180306012644-bacd9c7ef1dd/go.mod h1:wR/t/ntXLG7rc3yFFrNq78iVn91exg71A/xfrTCU/rc=
github.com/modern-go/reflect2 v0.0.0-20180701023420-4b7aa43c6742/go.mod h1:IxoBjyXnYPLSjMdTZAVrI2iFiJu85k3xzh9dZWI4c9c=
github.com/modern-go/reflect2 v1.0.1/go.mod h1:IxoBjyXnYPLSjMdTZAVrI2iFiJu85k3xzh9dZWI4c9c=
github.com/mwitkow/go-conntrack v0.0.0-20161129095857-cc309e4a2223/go.mod h1:fyxdi4OadIOeB/aysApPM1KNtQ5WDmd+I0L+xsCOnmc=
github.com/oklog/ulid v1.3.1/go.mod h1:nGouBYH56DpJU3NvbxMtqdUPKdm6kiNUyURdEXxM/7k=
github.com/pascaldekloe/goe v0.0.0-20180627143212-57f6aae5913c/go.mod h1:O/e2c5aYMygQqtuVGoBcp2MdxY8DvkDdUksAtKdZYNk=
github.com/pelletier/go-toml v1.2.0 h1:T5zMGML61Wp+FlcbWjRDT7yAxhJNAiPPLOFECq181zc=
github.com/pelletier/go-toml v1.2.0/go.mod h1:ITKm95sh8AzFxhRCBBajQAwRM2YK/OkEs1lSLCaDr9s=
github.com/pkg/errors v0.8.0/go.mod h1:VvANZlmAWACv0mkodpUhdhaMkFENbRmKuQhPw4C/IN8=
github.com/pkg/errors v0.8.1/go.mod h1:VvANZlmAWACv0mkodpUhdhaMkFENbRmKuQhPw4C/IN8=
github.com/pmezard/go-difflib v1.0.0/go.mod h1:V8AGL4QOSBqars9gWgBBCrkjWgGPCR1cAPIGnGOnDVE=
github.com/posener/complete v1.1.1/go.mod h1:8jOxbtMo3MypjIZWyPACOdQzXZLrbr/JMn0XH0CwhLI=
github.com/prometheus/client_golang v0.9.1/go.mod h1:9f1o2UgQbszAM31EopQ5O1QaY/tUaxhNk+mArtlJ8Bc=
github.com/prometheus/client_golang v0.9.3/go.mod h1:aTbM3hTOn0MZN7O46oiPR/Yb41iUhqMq2cwrU3u3n04=
github.com/prometheus/client_golang v1.0.0/go.mod h1:db9x61etRT2tGnBNRi70OPL5FsnadC4Ky3P0J6CfImo=
github.com/prometheus/client_golang v1.7.1 h1:NTGy1Ja9pByO+xAeH/qiWnLrKtr3hJPNjaVUwnjpdpA=
github.com/prometheus/client_golang v1.7.1/go.mod h1:PY5Wy2awLA44sXw4AOSfFBetzPP4j5+D6mVACh+pe2M=
github.com/prometheus/client_model v0.0.0-20180712105110-5c3871d89910/go.mod h1:8/HDggL7R8m+aIkRzJukpbvVUBI4tqu+Xu2lIPBrpwE=
github.com/prometheus/client_model v0.0.0-20190129233127-fd36f4220a90/go.mod h1:pH8D/JrZGZq5R+4lBW9mgCfzWba4F9wwtTxMZH7A150=
github.com/prometheus/client_model v0.2.0 h1:uq5h0d+GuxiXLJLNABMgp2qUWDPiLvgCzz2dUR+/W/M=
github.com/prometheus/client_model v0.2.0/go.mod h1:xMI15A0UPsDsEKsMN9yxemIoYk6Tm2C1GtYGdfGttqA=
github.com/prometheus/common v0.0.0-20181113130724-41aa239b4cce/go.mod h1:qCD2oodlrZ/UhORspjTXxNcppvEl+nuJSMb/d3sUByY=
github.com/prometheus/common v0.4.0/go.mod h1:jir7mvV5/SmPmXu8hTzJC2e0iLTE5O1Io7PUK182Oko=
github.com/prometheus/common v0.4.1/go.mod h1:TNfzLD0ON7rHzMJeJkieUDPYmFC7Snx/y86RQel1bk4=
github.com/prometheus/common v0.10.0 h1:RyRA7RzGXQZiW+tGMr7sxa85G1z0yOpM1qq5c8lNawc=
github.com/prometheus/common v0.10.0/go.mod h1:Tlit/dnDKsSWFlCLTWaA1cyBgKHSMdTB80sz/V91rCo=
github.com/prometheus/procfs v0.0.0-20181005140218-185b4288413d/go.mod h1:q1PlaLByl5nzwe5d9KtbvR6vP3gL7MtswxqnLCzlnss=
github.com/prometheus/procfs v0.0.0-20190507164030-5867b95ac084/go.mod h1:suYaRfjoLAI2Deeht1Av6rDfR1a9N09R7OCHPKZQ3tY=
github.com/prometheus/procfs v0.0.2/go.mod h1:TjEm7ze935MbeOT/UhFTIMYKhuLP4wbCsTZCD3I8kEA=
github.com/prometheus/procfs v0.1.3/go.mod h1:lV6e/gmhEcM9IjHGsFOCxxuZ+z1YqCvr4OA4YeYWdaU=
github.com/prometheus/tsdb v0.7.1/go.mod h1:GgxwuJmdtvHNqz5qTYn46K09FSlOfb0NqD2JCPvESwc=
github.com/rogpeppe/fastuuid v0.0.0-20150106093220-6724a57986af/go.mod h1:qldnq271/ifHXXR7YUzJUPlxedb5ApB/0fJUCqlAz/A=
github.com/rogpeppe/go-internal v1.3.0/go.mod h1:uz6tZek0NhNL7WNz/0NMn0gRrQryCowQMLvgPkh+vvA=
github.com/ryanuber/columnize v0.0.0-20160712163229-9b3edd62028f/go.mod h1:L38k1WdcnfEEiyn80EYKbEmDF54oQjVaxXAgD91EP4Y=
github.com/samuel/go-zookeeper v0.0.0-20200724154423-2164a8ac840e h1:CGjiMQ0wMH4wtNWrlj6kiTbkPt2F3rbYnhGX6TWLfco=
github.com/samuel/go-zookeeper v0.0.0-20200724154423-2164a8ac840e/go.mod h1:gi+0XIa01GRL2eRQVjQkKGqKF3SF9vZR/HnPullcV2E=
github.com/sean-/seed v0.0.0-20170313163322-e2103e2c3529/go.mod h1:23QdBHCg6sX/kdvQHDKDnqcZN2gVaw1Xxh0QjXp9zV0=
github.com/sirupsen/logrus v1.2.0/go.mod h1:nAZvHGZ/Qfti7VthPb49u5YcyhZc4IeonbPgFG9aJqg=
github.com/sirupsen/logrus v1.4.2 h1:SPIRibHv4MatM3XXNO2BJeFLZwZ2LvZgfQ5+UNI2im4=
github.com/sirupsen/logrus v1.4.2/go.mod h1:tLMulIdttU9McNUspp0xgXVQah82FyeX6MwdIuYE2rE=
github.com/smartystreets/assertions v0.0.0-20180927180507-b2de0cb4f26d/go.mod h1:7axtvGPhFuiFFXHyj+Ubr1QmlyUymTC2AyJ7ebqGNb8=
github.com/smartystreets/goconvey v1.6.4/go.mod h1:ltMHWDHLCaAZnbBNH3enT72E3OlnMPC5vdHhYNgDUXI=
github.com/soheilhy/cmux v0.1.4/go.mod h1:ck6nUj7fh0oHwwKsRk3x+0wit54tjOoDwS9CeqP3e8s=
github.com/spaolacci/murmur3 v0.0.0-20180118202830-f09979ecbc72/go.mod h1:0uHOWnrmrUTEhI7xSS3T5FZVBU/2SmFcXWWjCvy7wns=
github.com/spf13/afero v1.1.2 h1:m8/z1t7/fwjysjQRYbP0RD+bUIF/8tJwPdEZsI83ACI=
github.com/spf13/afero v1.1.2/go.mod h1:YFm+Gnrgm8dUe6Pv9q0g68MJRopsc8ftYgkKlvFHF0M=
github.com/spf13/cast v1.3.0 h1:oget//CVOEoFewqQxwr0Ej5yjygnqGkvggSE/gB35Q8=
github.com/spf13/cast v1.3.0/go.mod h1:QI8+6ZroQljLTytaT0tiemBKrGEB3eta0qm7Ll74jH8=
github.com/spf13/jwalterweatherman v1.0.0 h1:XHEdyB+EcvlqZamSM4ZOMGlc93t6AcsBEu9Gc1vn7yk=
github.com/spf13/jwalterweatherman v1.0.0/go.mod h1:er7/33MsHI3239ddwOvv7M2W4YCRstr2OsVAWzqMFUg=
github.com/spf13/pflag v1.0.3 h1:zPAT6CGy6wXeQ7NtTnaTerfKOsV6V6F8agHXFiazDkg=
github.com/spf13/pflag v1.0.3/go.mod h1:0Oua+guieuLqrkRukr38NOAJs8Z6QG1lM+l50uhN2UU=
github.com/spf13/viper v1.7.0 h1:xVKxvI7ouOI5I+U9s2eeiUfMaWBVoXA3AWskkrqK0VM=
github.com/spf13/viper v1.7.0/go.mod h1:Mta7JV7gvKkbIY9N2tKBInSq+ycIBKVdTsbOtzfLmpU=
github.com/stretchr/objx v0.1.0/go.mod h1:uKNXSX7eZC5mTnTT7wCRKjw0XYfJY1ZcbTUoXU9M0E0=
github.com/stretchr/objx v0.1.1/go.mod h1:uKNXSX7eZC5mTnTT7wCRKjw0XYfJY1ZcbTUoXU9M0E0=
github.com/stretchr/testify v1.2.2/go.mod h1:C7N9+KwvzTVsb3VjAAWKxA9S6XkVwFjs4QXag4Bqqe8=
github.com/stretchr/testify v1.3.0/go.mod h1:JY0fuygzA3L8rRZct67ReERdJzFe9Mlf0c20yiwW6kw=
github.com/stretchr/testify v1.4.0/go.mod h1:ANCWHMqbM7B6yDGhmaltu/Wmz5hnKPCT5Am9OFuR5s0=
github.com/subosito/gotenv v1.2.0 h1:Slr1R9HxAlEKefgq5jn9U+DnETlIUa6HfgEzj0g5d7s=
github.com/subosito/gotenv v1.2.0/go.mod h1:OZt7PwjfAnvOAq95oSVQLjYgVX2uagqud7IJidD1uG8=
github.com/tmc/grpc-websocket-proxy v0.0.0-20190109142713-0ad062ec5ee5/go.mod h1:gWdkIWGOyOlQszWehtp3pkqRQverqWgc7HPcxoYPQYg=
github.com/xiang90/probing v0.0.0-20190116061207-43a291ad63a2/go.mod h1:hzCVuZlMQ1k6Fwni0X45D0d6CJy5EpW/CweSA+0GHCo=
go.etcd.io/bbolt v1.3.2/go.mod h1:bJX1t4hJ4cq0vKiUtroB/pa8GUH67UF2i1GqeaIviMk=
go.opencensus.io v0.21.0/go.mod h1:PYOfSFlSzBVzYszMMStXLxY6bSyC9zvbQJDH1Z+mddk=
go.opencensus.io v0.22.0/go.mod h1:Tg18pbLQWCOnxVrXMJraZN2EkBvq9MhgvRgxW/nRF7Y=
go.uber.org/atomic v1.4.0/go.mod h1:mIKMQKQIsYQROXJGP3F1ktqmadQX2NheHdf7AJGYCLY=
go.uber.org/multierr v1.1.0/go.mod h1:uHP0YNl2TTNojbj0CofCRme/HOkx4Il+snLXloiB75A=
go.uber.org/zap v1.10.0/go.mod h1:cqYZGURMLFgNGRJOp8+3Qc/YiTO1eUcuzbMcI1hfd6Q=
golang.org/x/crypto v0.0.0-20180904163835-0709b304e793/go.mod h1:FyDrWmIuVwIOfZMnwNIbAkgWXhWh4QItS6OWatIACsA=
golang.org/x/crypto v0.0.0-20181029021203-45a5f77698d3/go.mod h1:FyDrWmIuVwIOfZMnwNIbAkgWXhWh4QItS6OWatIACsA=
golang.org/x/crypto v0.0.0-20190308221718-c2843e01d9a2/go.mod h1:MG5pmtmkG8cxPO1s8MpookyjDy5ctd/5V5ZCBSo7CT8=
golang.org/x/crypto v0.0.0-20190510104115-cbcb75029529/go.mod h1:5lFZrpeRQ1FNSiE36U0M1EOHOlFDnsMXAUtyLwiBSwo=
golang.org/x/crypto v0.0.0-20190605123033-f99c8df09eb5/go.mod h1:5lFZrpeRQ1FNSiE36U0M1EOHOlFDnsMXAUtyLwiBSwo=
golang.org/x/crypto v0.0.0-20190923035154-9ee001bba392/go.mod h1:/lpIB1dKB+9EgE3H3cr1v9wB50oz8l4C4h62xy7jSTY=
golang.org/x/exp v0.0.0-20190121172915-509febef88a4/go.mod h1:YigEzmIgcdgdsL6qA6yV2VjJk8bd+qVoDECqce8LkKE=
golang.org/x/exp v0.0.0-20190306152737-a1d7652674e8/go.mod h1:YigEzmIgcdgdsL6qA6yV2VjJk8bd+qVoDECqce8LkKE=
golang.org/x/exp v0.0.0-20190510132918-efd6b22b2522/go.mod h1:tC/RXTaj73FH1jPJURawK/z3Zgz9jO2sehVHMEkvlrY=
golang.org/x/exp v0.0.0-20190829153037-c13cbed26979/go.mod h1:Obr7W2UJ5hTwKwOnZheKlv8q39ID4pbGV3krFaTZiIQ=
golang.org/x/exp v0.0.0-20191030013958-a1ab85dbe136/go.mod h1:Pg1B+1Qa2w8HiRSL0xLI2GTmktakMPz1UV/vC2MCCbs=
golang.org/x/image v0.0.0-20190227222117-0694c2d4d067/go.mod h1:bZdpG2OTFavDULvB9pjeaUZaDXxp4RhuXidGNaFyiOw=
golang.org/x/image v0.0.0-20190802002840-cff245a6509b/go.mod h1:dezrSDoFKfmBG79PFCRTe3ikjFVYj2ylwzwYLCPb+kM=
golang.org/x/lint v0.0.0-20181026193005-c67002cb31c3/go.mod h1:H44sFe//CAnJdSyRNuNQWi6hnldeMGPfDUc4g8xc8gs=
golang.org/x/lint v0.0.0-20190227174305-5b3e6a55c961/go.mod h1:B7Shs4HBWvMWkO1+CjzuUQ/ylj1cp8jetIMtotWdMZg=
golang.org/x/lint v0.0.0-20190301231843-5614ed5bae6f/go.mod h1:H44sFe//CAnJdSyRNuNQWi6hnldeMGPfDUc4g8xc8gs=
golang.org/x/lint v0.0.0-20190313153728-d0100b6bd8b3/go.mod h1:uV7UrsYNVDoxpHzYjtPGvNUWpw/Y4MBI+s1Z1HoPVwE=
golang.org/x/lint v0.0.0-20190409202823-959b441ac422/go.mod h1:uV7UrsYNVDoxpHzYjtPGvNUWpw/Y4MBI+s1Z1HoPVwE=
golang.org/x/lint v0.0.0-20190909230951-414d861bb4ac/go.mod h1:uV7UrsYNVDoxpHzYjtPGvNUWpw/Y4MBI+s1Z1HoPVwE=
golang.org/x/lint v0.0.0-20190930215403-16217165b5de/go.mod h1:uV7UrsYNVDoxpHzYjtPGvNUWpw/Y4MBI+s1Z1HoPVwE=
golang.org/x/mobile v0.0.0-20190312151609-d3739f865fa6/go.mod h1:j5zM7pdCjoAgWE9eQvnQvS7GJ2BuRTZNj/Yn2jqKPGU=
golang.org/x/mobile v0.0.0-20190719004257-d2bd2a29d028/go.mod h1:Akc/nJp3Dd3gbnWNQYlHF2wV1BB7pAZ5m6ULFAJjhto=
golang.org/x/mod v0.0.0-20190513183733-4bf6d317e70e/go.mod h1:o3DUR6552ZbTUBjMGbi8jIGfWvztGM3eCamBfL4SQdc=
golang.org/x/mod v0.1.0/go.mod h1:WgwUmnCACQWQyW20FDq9dhk4D/4IsNV/422D4psBa8M=
golang.org/x/net v0.0.0-20180724234803-3673e40ba225/go.mod h1:IRQjKR5GRGCGatY0CpvI1TBzkXbXNYFTRH7HxpDcqKI=
golang.org/x/net v0.0.0-20180826012351-8a410e7b638d/go.mod h1:IRQjKR5GRGCGatY0CpvI1TBzkXbXNYFTRH7HxpDcqKI=
golang.org/x/net v0.0.0-20181023162649-9b4f9f5ad519/go.mod h1:IRQjKR5GRGCGatY0CpvI1TBzkXbXNYFTRH7HxpDcqKI=
golang.org/x/net v0.0.0-20181114220301-adae6a3d119a/go.mod h1:IRQjKR5GRGCGatY0CpvI1TBzkXbXNYFTRH7HxpDcqKI=
golang.org/x/net v0.0.0-20181201002055-351d144fa1fc/go.mod h1:IRQjKR5GRGCGatY0CpvI1TBzkXbXNYFTRH7HxpDcqKI=
golang.org/x/net v0.0.0-20181220203305-927f97764cc3/go.mod h1:IRQjKR5GRGCGatY0CpvI1TBzkXbXNYFTRH7HxpDcqKI=
golang.org/x/net v0.0.0-20190108225652-1e06a53dbb7e/go.mod h1:IRQjKR5GRGCGatY0CpvI1TBzkXbXNYFTRH7HxpDcqKI=
golang.org/x/net v0.0.0-20190213061140-3a22650c66bd/go.mod h1:IRQjKR5GRGCGatY0CpvI1TBzkXbXNYFTRH7HxpDcqKI=
golang.org/x/net v0.0.0-20190311183353-d8887717615a/go.mod h1:0dpUhJAagYLeYGDsFk8iKL1w4z6wn8LDXi3jA0haGLE=
golang.org/x/net v0.0.0-20190404232315-eb5bcb51f2a3/go.mod h1:0dpUhJAagYLeYGDsFk8iKL1w4z6wn8LDXi3jA0haGLE=
golang.org/x/net v0.0.0-20190501004415-9ce7a6920f09/go.mod h1:0dpUhJAagYLeYGDsFk8iKL1w4z6wn8LDXi3jA0haGLE=
golang.org/x/net v0.0.0-20190503192946-f4e77d36d62c/go.mod h1:0dpUhJAagYLeYGDsFk8iKL1w4z6wn8LDXi3jA0haGLE=
golang.org/x/net v0.0.0-20190603091049-60506f45cf65/go.mod h1:+cZUfiLi3vw2YtzcacMhhNArO34hU30Y1wgOHEQU6mw=
golang.org/x/net v0.0.0-20190613194153-d28f0bde5980/go.mod h1:TSBB+8dpQnvqNdbvhI9NxcpxtLs7v5gbTp9OMsqpwqg=
golang.org/x/net v0.0.0-20190620200207-3b0461eec859/go.mod h1:TSBB+8dpQnvqNdbvhI9NxcpxtLs7v5gbTp9OMsqpwqg=
golang.org/x/net v0.0.0-20190923162816-aa69164e4478/go.mod h1:z5CRVTTTmAJ677TzLLGU+0bjPO0LkuOLi4/5GtJWs/s=
golang.org/x/oauth2 v0.0.0-20180821212333-d2e6202438be/go.mod h1:pWbQIYlzOoZYqRW6+jJLwnglIlbCclLgtvcnptGliWs=
golang.org/x/oauth2 v0.0.0-20190226205417-e64efc72b421/go.mod h1:XTrNOMOZDXM0qsN1WL8rNXDviklxCSG1fmwiJKZtf6M=
golang.org/x/oauth2 v0.0.0-20190604053449-0f29369cfe45/go.mod h1:XTrNOMOZDXM0qsN1WL8rNXDviklxCSG1fmwiJKZtf6M=
golang.org/x/sync v0.0.0-20180314180146-1d60e4601c6f/go.mod h1:mlgtMKki4MkkDxfyygB3dOYfG/K+ovtpm62u1mKu6ro=
golang.org/x/sync v0.0.0-20181108010431-42b317875d0f/go.mod h1:mlgtMKki4MkkDxfyygB3dOYfG/K+ovtpm62u1mKu6ro=
golang.org/x/sync v0.0.0-20181221193216-37e7f081c4d4/go.mod h1:mlgtMKki4MkkDxfyygB3dOYfG/K+ovtpm62u1mKu6ro=
golang.org/x/sync v0.0.0-20190227155943-e225da77a7e6/go.mod h1:mlgtMKki4MkkDxfyygB3dOYfG/K+ovtpm62u1mKu6ro=
golang.org/x/sync v0.0.0-20190423024810-112230192c58/go.mod h1:mlgtMKki4MkkDxfyygB3dOYfG/K+ovtpm62u1mKu6ro=
golang.org/x/sync v0.0.0-20190911185100-cd5d95a43a6e/go.mod h1:mlgtMKki4MkkDxfyygB3dOYfG/K+ovtpm62u1mKu6ro=
golang.org/x/sys v0.0.0-20180823144017-11551d06cbcc/go.mod h1:02rMBDkNOl2/CikCYtzVz+KKDDbh2X/ttfek8Lm7m+g=
golang.org/x/sys v0.0.0-20180830151530-49385e6e1522/go.mod h1:02rMBDkNOl2/CikCYtzVz+KKDDbh2X/ttfek8Lm7m+g=
golang.org/x/sys v0.0.0-20180905080454-ebe1bf3edb33/go.mod h1:02rMBDkNOl2/CikCYtzVz+KKDDbh2X/ttfek8Lm7m+g=
golang.org/x/sys v0.0.0-20181026203630-95b1ffbd15a5/go.mod h1:02rMBDkNOl2/CikCYtzVz+KKDDbh2X/ttfek8Lm7m+g=
golang.org/x/sys v0.0.0-20181107165924-66b7b1311ac8/go.mod h1:02rMBDkNOl2/CikCYtzVz+KKDDbh2X/ttfek8Lm7m+g=
golang.org/x/sys v0.0.0-20181116152217-5ac8a444bdc5/go.mod h1:02rMBDkNOl2/CikCYtzVz+KKDDbh2X/ttfek8Lm7m+g=
golang.org/x/sys v0.0.0-20190215142949-d0b11bdaac8a/go.mod h1:02rMBDkNOl2/CikCYtzVz+KKDDbh2X/ttfek8Lm7m+g=
golang.org/x/sys v0.0.0-20190222072716-a9d3bda3a223/go.mod h1:02rMBDkNOl2/CikCYtzVz+KKDDbh2X/ttfek8Lm7m+g=
golang.org/x/sys v0.0.0-20190312061237-fead79001313/go.mod h1:gFFYwLTV/1VUs4/7/0oH4ch3paU15w+lsUH+6tVaJdQ=
golang.org/x/sys v0.0.0-20190412213103-97732733099d/go.mod h1:gFFYwLTV/1VUs4/7/0oH4ch3paU15w+lsUH+6tVaJdQ=
golang.org/x/sys v0.0.0-20190422165155-953cdadca894/go.mod h1:h1NjWce9XRLGQEsW7wpKNCjG9DtNlClVuFLEZdDNbEs=
golang.org/x/sys v0.0.0-20190502145724-3ef323f4f1fd/go.mod h1:gFFYwLTV/1VUs4/7/0oH4ch3paU15w+lsUH+6tVaJdQ=
golang.org/x/sys v0.0.0-20190507160741-ecd444e8653b/go.mod h1:gFFYwLTV/1VUs4/7/0oH4ch3paU15w+lsUH+6tVaJdQ=
golang.org/x/sys v0.0.0-20190606165138-5da285871e9c/go.mod h1:gFFYwLTV/1VUs4/7/0oH4ch3paU15w+lsUH+6tVaJdQ=
golang.org/x/sys v0.0.0-20190624142023-c5567b49c5d0/go.mod h1:gFFYwLTV/1VUs4/7/0oH4ch3paU15w+lsUH+6tVaJdQ=
golang.org/x/sys v0.0.0-20190922100055-0a153f010e69/go.mod h1:h1NjWce9XRLGQEsW7wpKNCjG9DtNlClVuFLEZdDNbEs=
golang.org/x/sys v0.0.0-20190924154521-2837fb4f24fe/go.mod h1:h1NjWce9XRLGQEsW7wpKNCjG9DtNlClVuFLEZdDNbEs=
golang.org/x/sys v0.0.0-20191008105621-543471e840be/go.mod h1:h1NjWce9XRLGQEsW7wpKNCjG9DtNlClVuFLEZdDNbEs=
golang.org/x/sys v0.0.0-20191026070338-33540a1f6037/go.mod h1:h1NjWce9XRLGQEsW7wpKNCjG9DtNlClVuFLEZdDNbEs=
golang.org/x/sys v0.0.0-20200106162015-b016eb3dc98e/go.mod h1:h1NjWce9XRLGQEsW7wpKNCjG9DtNlClVuFLEZdDNbEs=
golang.org/x/sys v0.0.0-20200116001909-b77594299b42/go.mod h1:gFFYwLTV/1VUs4/7/0oH4ch3paU15w+lsUH+6tVaJdQ=
golang.org/x/sys v0.0.0-20200124204421-9fbb57f87de9/go.mod h1:h1NjWce9XRLGQEsW7wpKNCjG9DtNlClVuFLEZdDNbEs=
golang.org/x/sys v0.0.0-20200615200032-f1bc736245b1 h1:ogLJMz+qpzav7lGMh10LMvAkM/fAoGlaiiHYiFYdm80=
golang.org/x/sys v0.0.0-20200615200032-f1bc736245b1/go.mod h1:h1NjWce9XRLGQEsW7wpKNCjG9DtNlClVuFLEZdDNbEs=
golang.org/x/text v0.3.0/go.mod h1:kaVNwrXaYpkMYGxX1zF3relAPCIprQ/calFFlApecKE=
golang.org/x/text v0.3.1-0.20180807135948-17ff2d5776d2/go.mod h1:kaVNwrXaYpkMYGxX1zF3relAPCIprQ/calFFlApecKE=
golang.org/x/text v0.3.2 h1:tW2bmiBqwgJj/UpqtC8EpXEZVYOwU0yG4iWbprSVAcs=
golang.org/x/text v0.3.2/go.mod h1:PCIYdJr8xLS1zEtxMhuw0lKuMen5gbPtTPnk/T36U5E=
golang.org/x/time v0.0.0-20181108054448-85acf8d2951c/go.mod h1:z4+6slfnpyF+Egla489GZsplJZWkti3ZsKXyqkbuEPY=
golang.org/x/time v0.0.0-20190308202827-9d24e82272b4/go.mod h1:z4+6slfnpyF+Egla489GZsplJZWkti3ZsKXyqkbuEPY=
golang.org/x/tools v0.0.0-20180221164845-07fd8470d635/go.mod h1:ikIJm81xdnh1GaKt/Ea3XgvDSzbyRwVGI/5yZtsv3ls=
golang.org/x/tools v0.0.0-20180917221912-90fa682c2a6e/go.mod h1:ikIJm81xdnh1GaKt/Ea3XgvDSzbyRwVGI/5yZtsv3ls=
golang.org/x/tools v0.0.0-20190114222345-bf090417da8b/go.mod h1:ikIJm81xdnh1GaKt/Ea3XgvDSzbyRwVGI/5yZtsv3ls=
golang.org/x/tools v0.0.0-20190226205152-f727befe758c/go.mod h1:ygsLH4Bvg9lm5ui5TKOj3TVRc2oPSgab/95FKKWnSG0=
golang.org/x/tools v0.0.0-20190311212946-11955173bddd/go.mod h1:8JSnoxqt/en8VL4mRe+W8729G7s47E8xHi+NV0y8Yno=
golang.org/x/tools v0.0.0-20190312151545-0bb0c0a6e846/go.mod h1:8JSnoxqt/en8VL4mRe+W8729G7s47E8xHi+NV0y8Yno=
golang.org/x/tools v0.0.0-20190312170243-e65039ee4138/go.mod h1:8JSnoxqt/en8VL4mRe+W8729G7s47E8xHi+NV0y8Yno=
golang.org/x/tools v0.0.0-20190328211700-ab21143f2384/go.mod h1:8JSnoxqt/en8VL4mRe+W8729G7s47E8xHi+NV0y8Yno=
golang.org/x/tools v0.0.0-20190425150028-36563e24a262/go.mod h1:95WoEBvSOLW3crAuFS9IAnZaggEXcvzKoSIxG7wF0tY=
golang.org/x/tools v0.0.0-20190506145303-2d16b83fe98c/go.mod h1:95WoEBvSOLW3crAuFS9IAnZaggEXcvzKoSIxG7wF0tY=
golang.org/x/tools v0.0.0-20190606124116-d0a3d012864b/go.mod h1:U0j8gXexufWF0p5ymMcge9ipyLYshJvQFdxD3gwblJY=
golang.org/x/tools v0.0.0-20190621195816-6e04913cbbac/go.mod h1:U0j8gXexufWF0p5ymMcge9ipyLYshJvQFdxD3gwblJY=
golang.org/x/tools v0.0.0-20190628153133-6cdbf07be9d0/go.mod h1:U0j8gXexufWF0p5ymMcge9ipyLYshJvQFdxD3gwblJY=
golang.org/x/tools v0.0.0-20190816200558-6889da9d5479/go.mod h1:CEWkqhS6I4qRzAKMBbvd0KiT+F3HPSNwM2ds7CBZ2Xs=
golang.org/x/tools v0.0.0-20190907020128-2ca718005c18/go.mod h1:b+2E5dAYhXwXZwtnZ6UAqBI28+e2cm9otk0dWdXHAEo=
golang.org/x/tools v0.0.0-20190911174233-4f2ddba30aff/go.mod h1:CEWkqhS6I4qRzAKMBbvd0KiT+F3HPSNwM2ds7CBZ2Xs=
golang.org/x/tools v0.0.0-20191012152004-8de300cfc20a/go.mod h1:CEWkqhS6I4qRzAKMBbvd0KiT+F3HPSNwM2ds7CBZ2Xs=
golang.org/x/tools v0.0.0-20191112195655-aa38f8e97acc/go.mod h1:CEWkqhS6I4qRzAKMBbvd0KiT+F3HPSNwM2ds7CBZ2Xs=
golang.org/x/xerrors v0.0.0-20190717185122-a985d3407aa7/go.mod h1:gTynL3g14f3HK5YI9pU+w9QMjNUFrmtK25uj+KtZF7s=
golang.org/x/xerrors v0.0.0-20191204190536-9bdfabe68543/go.mod h1:gTynL3g14f3HK5YI9pU+w9QMjNUFrmtK25uj+KtZF7s=
google.golang.org/api v0.4.0/go.mod h1:71yXhi0Ei/OZ4EZ2Qf2GHwoDGhVENs09qcLBfc09Rtk=
google.golang.org/api v0.7.0/go.mod h1:0AocYrwkLXm7ZI7mC9WVl9wDLwj3k/pHJNSuyzjSULM=
google.golang.org/api v0.8.0/go.mod h1:5u36sdDEZDy3NxZ5/CDg6ZXNXjyi4wRWr7iodht6Mcc=
google.golang.org/api v0.9.0/go.mod h1:5u36sdDEZDy3NxZ5/CDg6ZXNXjyi4wRWr7iodht6Mcc=
google.golang.org/api v0.13.0/go.mod h1:1zpA/Zhiw7mFU+Lt6TQxUCx4/f8PSOWYKa72QHrBRT4=
google.golang.org/appengine v1.1.0/go.mod h1:GGWgQj7EaK/9a6JQpA9t4Bf72XQmy3hsHva2ym/CQfE=
google.golang.org/appengine v1.4.0/go.mod h1:3Lv4CFo25eFmdpDRlfoJ0c19oRvu70J5GrjT6jUA9io=
google.golang.org/appengine v1.5.0/go.mod h1:3Lv4CFo25eFmdpDRlfoJ0c19oRvu70J5GrjT6jUA9io=
google.golang.org/appengine v1.6.1/go.mod h1:QpTeRE7oPeQLBoVQlojHqcNVkniFKOrjyVUD2XzsNZk=
google.golang.org/genproto v0.0.0-20180817151627-c66870c02cf8/go.mod h1:btkGgkeyetaQdtAYpFWbKpFTxqKsT1CljYhzLnvg0V8=
google.golang.org/genproto v0.0.0-20190307195333-5fe7a883aa19/go.mod h1:Ey5Pnsu3d9XdhhJlgZc0YXnFcn5jBdYufzJO0XFBjvk=
google.golang.org/genproto v0.0.0-20190418145605-e7d98fc518a7/go.mod h1:Ey5Pnsu3d9XdhhJlgZc0YXnFcn5jBdYufzJO0XFBjvk=
google.golang.org/genproto v0.0.0-20190425155659-357c62f0e4bb/go.mod h1:Ey5Pnsu3d9XdhhJlgZc0YXnFcn5jBdYufzJO0XFBjvk=
google.golang.org/genproto v0.0.0-20190502173448-54afdca5d873/go.mod h1:Ey5Pnsu3d9XdhhJlgZc0YXnFcn5jBdYufzJO0XFBjvk=
google.golang.org/genproto v0.0.0-20190801165951-fa694d86fc64/go.mod h1:PEG+DlnVsNEBjzbw4lncpybXieS3I8G1fKhuq+VS/Z8=
google.golang.org/genproto v0.0.0-20190819201941-24fa4b261c55/go.mod h1:PEG+DlnVsNEBjzbw4lncpybXieS3I8G1fKhuq+VS/Z8=
google.golang.org/genproto v0.0.0-20190911173649-1774047e7e51/go.mod h1:OVP/w/W2NrMjiV86HoSZThhZVLlWhkjMFQhfk4CZwZw=
google.golang.org/genproto v0.0.0-20191108220845-16a3f7862a1a/go.mod h1:SXjiRUd5Jjb/tF/NQHdlT7TEYC3DMFmwjYgklffah5k=
google.golang.org/grpc v1.19.0/go.mod h1:hr2BQ0qhOqa85Gz/K/T4K76iS1N+spIgt4lxIey471I=
google.golang.org/grpc v1.20.1/go.mod h1:kdXDFP4NF/0QR9mCyaKz2G5ARXfBEUL2AdhpyBkBAoI=
google.golang.org/grpc v1.21.1/go.mod h1:zU/C2mTif9nAcc+K5wBcfOUR/+MotSpZpgqxtket95Q=
google.golang.org/protobuf v0.0.0-20200109180630-ec00e32a8dfd/go.mod h1:pwF/VqSkPiR8pMf7iHeC/zxKVenAIOJiHY+oJgYcq5k=
google.golang.org/protobuf v0.0.0-20200221191635-4d8936d0db64/go.mod h1:Kp8i0mzTUHkn3+eGjTQUy0nnl1NHSALPeyOtzRt4+og=
google.golang.org/protobuf v0.0.0-20200228230310-ab0ca4ff8a60/go.mod h1:lTKB+J+Bl+qk0w8rr6+gEAr5aPjDkT5aeX078HPffj0=
google.golang.org/protobuf v1.20.1-0.20200309200217-e05f789c0967/go.mod h1:TDyZQIjHxiSUNFmWCdKq+6B87TEBSsuS71EjmjyAIrk=
google.golang.org/protobuf v1.21.0/go.mod h1:NCARkeM9FR6haxv1+FPzvIjJ3N0cXDi1ri5Q38e1TcM=
google.golang.org/protobuf v1.23.0 h1:4MY060fB1DLGMB/7MBTLnwQUY6+F09GEiz6SsrNqyzM=
google.golang.org/protobuf v1.23.0/go.mod h1:spQPeccWFbGASFocc3uBt3O+jyiEWpknc1kgmLSqFtg=
gopkg.in/alecthomas/kingpin.v2 v2.2.6 h1:jMFz6MfLP0/4fUyZle81rXUoxOBFi19VUFKVDOQfozc=
gopkg.in/alecthomas/kingpin.v2 v2.2.6/go.mod h1:KcMSzx5fhJZAklWcOH4DRnDWzizyhsfxAmkWlkG4ktE=
gopkg.in/check.v1 v0.0.0-20161208181325-20d25e280405/go.mod h1:gdzWXqXtX9L6F72GT78ZeqEXIriZvmxn41K5vfDdYRk=
gopkg.in/check.v1 v1.0.0-20180628173108-788fd7840127/go.mod h1:gdzWXqXtX9L6F72GT78ZeqEXIriZvmxn41K5vfDdYRk=
gopkg.in/check.v1 v1.0.0-20190902080502-41f04d3bba15/go.mod h1:Co6ibVJAznAaIkqp8huTwlJQCZ016jof/cbN4VW5Yz0=
gopkg.in/errgo.v2 v2.1.0/go.mod h1:SQFw4cMwuc/bkfqXKEFhN9c5AP3Q3ro9bG4iP2K0YIo=
gopkg.in/ini.v1 v1.51.0 h1:AQvPpx3LzTDM0AjnIRlVFwFFGC+npRopjZxLJj6gdno=
gopkg.in/ini.v1 v1.51.0/go.mod h1:/gQFhzvXJXNO288+WhA6XmxJGBZQKiUT6Y4VEuKUNCQ=
gopkg.in/resty.v1 v1.12.0/go.mod h1:tRuTgxNhirryRlj5DKHOEH9EmKcEq7/ix14d3du7mUw=
gopkg.in/yaml.v2 v2.0.0-20170812160011-eb3733d160e7/go.mod h1:ACwttydAnS4TXuBmAmYpVDD9fZ0mp1JKdxnSqhGBfdw=
gopkg.in/yaml.v2 v2.2.1/go.mod h1:OpeCkeFpDZMA12GEMb1WtYq/q8hmYOHr/vCfhbrzuYw=
gopkg.in/yaml.v2 v2.2.2/go.mod h1:OpeCkeFpDZMA12GEMb1WtYq/q8hmYOHr/vCfhbrzuYw=
gopkg.in/yaml.v2 v2.2.4/go.mod h1:OpeCkeFpDZMA12GEMb1WtYq/q8hmYOHr/vCfhbrzuYw=
gopkg.in/yaml.v2 v2.2.5/go.mod h1:hI93XBmqTisBFMUTm0b8Fm+jr3Dg1NNxqwp+5A1VGuI=
gopkg.in/yaml.v2 v2.2.8 h1:obN1ZagJSUGI0Ek/LBmuj4SNLPfIny3KsKFopxRdj10=
gopkg.in/yaml.v2 v2.2.8/go.mod h1:OpeCkeFpDZMA12GEMb1WtYq/q8hmYOHr/vCfhbrzuYw=
gopkg.in/yaml.v2 v2.3.0 h1:clyUAQHOM3G0M3f5vQj7LuJrETvjVot3Z5el9nffUtU=
gopkg.in/yaml.v2 v2.3.0/go.mod h1:OpeCkeFpDZMA12GEMb1WtYq/q8hmYOHr/vCfhbrzuYw=
honnef.co/go/tools v0.0.0-20190102054323-c2f93a96b099/go.mod h1:3eXlcP/ghm9UeXo5og6p3ck0KrgackDsjIAQiqQY70U=
honnef.co/go/tools v0.0.0-20190106161140-3f1c8253044a/go.mod h1:3eXlcP/ghm9UeXo5og6p3ck0KrgackDsjIAQiqQY70U=
honnef.co/go/tools v0.0.0-20190418001031-e561f6794a2a/go.mod h1:3eXlcP/ghm9UeXo5og6p3ck0KrgackDsjIAQiqQY70U=
honnef.co/go/tools v0.0.1-2019.2.3/go.mod h1:MRCXY2OJaaVRrc1AV+CjRp/xsgZrPzsfp5rACkJVrr8=
rsc.io/binaryregexp v0.2.0/go.mod h1:EKB9hLQvXiF4nfsXc4pyuaV1UeEDfgD+p/HA1N6vvlU=
