github.com/go-sql-driver/mysql v1.5.0/go.mod h1:DCzpHaOWr8IXmIStZouvnhqoel9Qv2LBy8hT2VhHyBg=
github.com/jinzhu/inflection v1.0.0/go.mod h1:h+uFLlag+Qp1Va5pdKtLDYj+kHp5pxUVkryuEj+Srlc=
github.com/jinzhu/now v1.1.1/go.mod h1:d3SSVoowX0Lcu0IBviAWJpolVfI5UJVZZ7cO71lE/z8=
gorm.io/driver/mysql v1.0.1/go.mod h1:KtqSthtg55lFp3S5kUXqlGaelnWpKitn4k1xZTnoiPw=
gorm.io/gorm v1.9.19/go.mod h1:0HFTzE/SqkGTzK6TlDPPQbAYCluiVvhzoA1+aVyzenw=
gorm.io/gorm v1.20.0/go.mod h1:0HFTzE/SqkGTzK6TlDPPQbAYCluiVvhzoA1+aVyzenw=
